
Microsoft Visual Studio Solution File, Format Version 12.00
# Visual Studio Version 17
VisualStudioVersion = 17.10.35027.167
MinimumVisualStudioVersion = 10.0.40219.1
Project("{FAE04EC0-301F-11D3-BF4B-00C04F79EFBC}") = "tp2_WebApplicationWeb", "tp2_WebApplicationWeb\tp2_WebApplicationWeb.csproj", "{9368231A-EE25-402A-BB97-F520CC9ABB3F}"
EndProject
Global
	GlobalSection(SolutionConfigurationPlatforms) = preSolution
		Debug|Any CPU = Debug|Any CPU
		Release|Any CPU = Release|Any CPU
	EndGlobalSection
	GlobalSection(ProjectConfigurationPlatforms) = postSolution
		{9368231A-EE25-402A-BB97-F520CC9ABB3F}.Debug|Any CPU.ActiveCfg = Debug|Any CPU
		{9368231A-EE25-402A-BB97-F520CC9ABB3F}.Debug|Any CPU.Build.0 = Debug|Any CPU
		{9368231A-EE25-402A-BB97-F520CC9ABB3F}.Release|Any CPU.ActiveCfg = Release|Any CPU
		{9368231A-EE25-402A-BB97-F520CC9ABB3F}.Release|Any CPU.Build.0 = Release|Any CPU
	EndGlobalSection
	GlobalSection(SolutionProperties) = preSolution
		HideSolutionNode = FALSE
	EndGlobalSection
	GlobalSection(ExtensibilityGlobals) = postSolution
		SolutionGuid = {5DFFDAA9-E007-4ABE-A871-34AFCCA9D20D}
	EndGlobalSection
EndGlobal
